// !$*UTF8*$!
{
	archiveVersion = 1;
	classes = {
	};
	objectVersion = 56;
	objects = {

/* Begin PBXBuildFile section */
		D9F0006D296FBC1000F4C3A9 /* AppDelegate.swift in Sources */ = {isa = PBXBuildFile; fileRef = D9F0006C296FBC1000F4C3A9 /* AppDelegate.swift */; };
		D9F0006F296FBC1000F4C3A9 /* ViewController.swift in Sources */ = {isa = PBXBuildFile; fileRef = D9F0006E296FBC1000F4C3A9 /* ViewController.swift */; };
		D9F00071296FBC1100F4C3A9 /* Assets.xcassets in Resources */ = {isa = PBXBuildFile; fileRef = D9F00070296FBC1100F4C3A9 /* Assets.xcassets */; };
		D9F00074296FBC1100F4C3A9 /* Main.storyboard in Resources */ = {isa = PBXBuildFile; fileRef = D9F00072296FBC1100F4C3A9 /* Main.storyboard */; };
		D9F0007F296FBC1100F4C3A9 /* PolarisCheckerTests.swift in Sources */ = {isa = PBXBuildFile; fileRef = D9F0007E296FBC1100F4C3A9 /* PolarisCheckerTests.swift */; };
		D9F00089296FBC1100F4C3A9 /* PolarisCheckerUITests.swift in Sources */ = {isa = PBXBuildFile; fileRef = D9F00088296FBC1100F4C3A9 /* PolarisCheckerUITests.swift */; };
		D9F0008B296FBC1100F4C3A9 /* PolarisCheckerUITestsLaunchTests.swift in Sources */ = {isa = PBXBuildFile; fileRef = D9F0008A296FBC1100F4C3A9 /* PolarisCheckerUITestsLaunchTests.swift */; };
/* End PBXBuildFile section */

/* Begin PBXContainerItemProxy section */
		D9F0007B296FBC1100F4C3A9 /* PBXContainerItemProxy */ = {
			isa = PBXContainerItemProxy;
			containerPortal = D9F00061296FBC1000F4C3A9 /* Project object */;
			proxyType = 1;
			remoteGlobalIDString = D9F00068296FBC1000F4C3A9;
			remoteInfo = PolarisChecker;
		};
		D9F00085296FBC1100F4C3A9 /* PBXContainerItemProxy */ = {
			isa = PBXContainerItemProxy;
			containerPortal = D9F00061296FBC1000F4C3A9 /* Project object */;
			proxyType = 1;
			remoteGlobalIDString = D9F00068296FBC1000F4C3A9;
			remoteInfo = PolarisChecker;
		};
/* End PBXContainerItemProxy section */

/* Begin PBXFileReference section */
		D9F00069296FBC1000F4C3A9 /* PolarisChecker.app */ = {isa = PBXFileReference; explicitFileType = wrapper.application; includeInIndex = 0; path = PolarisChecker.app; sourceTree = BUILT_PRODUCTS_DIR; };
		D9F0006C296FBC1000F4C3A9 /* AppDelegate.swift */ = {isa = PBXFileReference; lastKnownFileType = sourcecode.swift; path = AppDelegate.swift; sourceTree = "<group>"; };
		D9F0006E296FBC1000F4C3A9 /* ViewController.swift */ = {isa = PBXFileReference; lastKnownFileType = sourcecode.swift; path = ViewController.swift; sourceTree = "<group>"; };
		D9F00070296FBC1100F4C3A9 /* Assets.xcassets */ = {isa = PBXFileReference; lastKnownFileType = folder.assetcatalog; path = Assets.xcassets; sourceTree = "<group>"; };
		D9F00073296FBC1100F4C3A9 /* Base */ = {isa = PBXFileReference; lastKnownFileType = file.storyboard; name = Base; path = Base.lproj/Main.storyboard; sourceTree = "<group>"; };
		D9F00075296FBC1100F4C3A9 /* PolarisChecker.entitlements */ = {isa = PBXFileReference; lastKnownFileType = text.plist.entitlements; path = PolarisChecker.entitlements; sourceTree = "<group>"; };
		D9F0007A296FBC1100F4C3A9 /* PolarisCheckerTests.xctest */ = {isa = PBXFileReference; explicitFileType = wrapper.cfbundle; includeInIndex = 0; path = PolarisCheckerTests.xctest; sourceTree = BUILT_PRODUCTS_DIR; };
		D9F0007E296FBC1100F4C3A9 /* PolarisCheckerTests.swift */ = {isa = PBXFileReference; lastKnownFileType = sourcecode.swift; path = PolarisCheckerTests.swift; sourceTree = "<group>"; };
		D9F00084296FBC1100F4C3A9 /* PolarisCheckerUITests.xctest */ = {isa = PBXFileReference; explicitFileType = wrapper.cfbundle; includeInIndex = 0; path = PolarisCheckerUITests.xctest; sourceTree = BUILT_PRODUCTS_DIR; };
		D9F00088296FBC1100F4C3A9 /* PolarisCheckerUITests.swift */ = {isa = PBXFileReference; lastKnownFileType = sourcecode.swift; path = PolarisCheckerUITests.swift; sourceTree = "<group>"; };
		D9F0008A296FBC1100F4C3A9 /* PolarisCheckerUITestsLaunchTests.swift */ = {isa = PBXFileReference; lastKnownFileType = sourcecode.swift; path = PolarisCheckerUITestsLaunchTests.swift; sourceTree = "<group>"; };
/* End PBXFileReference section */

/* Begin PBXFrameworksBuildPhase section */
		D9F00066296FBC1000F4C3A9 /* Frameworks */ = {
			isa = PBXFrameworksBuildPhase;
			buildActionMask = 2147483647;
			files = (
			);
			runOnlyForDeploymentPostprocessing = 0;
		};
		D9F00077296FBC1100F4C3A9 /* Frameworks */ = {
			isa = PBXFrameworksBuildPhase;
			buildActionMask = 2147483647;
			files = (
			);
			runOnlyForDeploymentPostprocessing = 0;
		};
		D9F00081296FBC1100F4C3A9 /* Frameworks */ = {
			isa = PBXFrameworksBuildPhase;
			buildActionMask = 2147483647;
			files = (
			);
			runOnlyForDeploymentPostprocessing = 0;
		};
/* End PBXFrameworksBuildPhase section */

/* Begin PBXGroup section */
		D9F00060296FBC1000F4C3A9 = {
			isa = PBXGroup;
			children = (
				D9F0006B296FBC1000F4C3A9 /* PolarisChecker */,
				D9F0007D296FBC1100F4C3A9 /* PolarisCheckerTests */,
				D9F00087296FBC1100F4C3A9 /* PolarisCheckerUITests */,
				D9F0006A296FBC1000F4C3A9 /* Products */,
			);
			sourceTree = "<group>";
		};
		D9F0006A296FBC1000F4C3A9 /* Products */ = {
			isa = PBXGroup;
			children = (
				D9F00069296FBC1000F4C3A9 /* PolarisChecker.app */,
				D9F0007A296FBC1100F4C3A9 /* PolarisCheckerTests.xctest */,
				D9F00084296FBC1100F4C3A9 /* PolarisCheckerUITests.xctest */,
			);
			name = Products;
			sourceTree = "<group>";
		};
		D9F0006B296FBC1000F4C3A9 /* PolarisChecker */ = {
			isa = PBXGroup;
			children = (
				D9F0006C296FBC1000F4C3A9 /* AppDelegate.swift */,
				D9F0006E296FBC1000F4C3A9 /* ViewController.swift */,
				D9F00070296FBC1100F4C3A9 /* Assets.xcassets */,
				D9F00072296FBC1100F4C3A9 /* Main.storyboard */,
				D9F00075296FBC1100F4C3A9 /* PolarisChecker.entitlements */,
			);
			path = PolarisChecker;
			sourceTree = "<group>";
		};
		D9F0007D296FBC1100F4C3A9 /* PolarisCheckerTests */ = {
			isa = PBXGroup;
			children = (
				D9F0007E296FBC1100F4C3A9 /* PolarisCheckerTests.swift */,
			);
			path = PolarisCheckerTests;
			sourceTree = "<group>";
		};
		D9F00087296FBC1100F4C3A9 /* PolarisCheckerUITests */ = {
			isa = PBXGroup;
			children = (
				D9F00088296FBC1100F4C3A9 /* PolarisCheckerUITests.swift */,
				D9F0008A296FBC1100F4C3A9 /* PolarisCheckerUITestsLaunchTests.swift */,
			);
			path = PolarisCheckerUITests;
			sourceTree = "<group>";
		};
/* End PBXGroup section */

/* Begin PBXNativeTarget section */
		D9F00068296FBC1000F4C3A9 /* PolarisChecker */ = {
			isa = PBXNativeTarget;
			buildConfigurationList = D9F0008E296FBC1100F4C3A9 /* Build configuration list for PBXNativeTarget "PolarisChecker" */;
			buildPhases = (
				D9F00065296FBC1000F4C3A9 /* Sources */,
				D9F00066296FBC1000F4C3A9 /* Frameworks */,
				D9F00067296FBC1000F4C3A9 /* Resources */,
			);
			buildRules = (
			);
			dependencies = (
			);
			name = PolarisChecker;
			productName = PolarisChecker;
			productReference = D9F00069296FBC1000F4C3A9 /* PolarisChecker.app */;
			productType = "com.apple.product-type.application";
		};
		D9F00079296FBC1100F4C3A9 /* PolarisCheckerTests */ = {
			isa = PBXNativeTarget;
			buildConfigurationList = D9F00091296FBC1100F4C3A9 /* Build configuration list for PBXNativeTarget "PolarisCheckerTests" */;
			buildPhases = (
				D9F00076296FBC1100F4C3A9 /* Sources */,
				D9F00077296FBC1100F4C3A9 /* Frameworks */,
				D9F00078296FBC1100F4C3A9 /* Resources */,
			);
			buildRules = (
			);
			dependencies = (
				D9F0007C296FBC1100F4C3A9 /* PBXTargetDependency */,
			);
			name = PolarisCheckerTests;
			productName = PolarisCheckerTests;
			productReference = D9F0007A296FBC1100F4C3A9 /* PolarisCheckerTests.xctest */;
			productType = "com.apple.product-type.bundle.unit-test";
		};
		D9F00083296FBC1100F4C3A9 /* PolarisCheckerUITests */ = {
			isa = PBXNativeTarget;
			buildConfigurationList = D9F00094296FBC1100F4C3A9 /* Build configuration list for PBXNativeTarget "PolarisCheckerUITests" */;
			buildPhases = (
				D9F00080296FBC1100F4C3A9 /* Sources */,
				D9F00081296FBC1100F4C3A9 /* Frameworks */,
				D9F00082296FBC1100F4C3A9 /* Resources */,
			);
			buildRules = (
			);
			dependencies = (
				D9F00086296FBC1100F4C3A9 /* PBXTargetDependency */,
			);
			name = PolarisCheckerUITests;
			productName = PolarisCheckerUITests;
			productReference = D9F00084296FBC1100F4C3A9 /* PolarisCheckerUITests.xctest */;
			productType = "com.apple.product-type.bundle.ui-testing";
		};
/* End PBXNativeTarget section */

/* Begin PBXProject section */
		D9F00061296FBC1000F4C3A9 /* Project object */ = {
			isa = PBXProject;
			attributes = {
				BuildIndependentTargetsInParallel = 1;
				LastSwiftUpdateCheck = 1420;
				LastUpgradeCheck = 1420;
				TargetAttributes = {
					D9F00068296FBC1000F4C3A9 = {
						CreatedOnToolsVersion = 14.2;
					};
					D9F00079296FBC1100F4C3A9 = {
						CreatedOnToolsVersion = 14.2;
						TestTargetID = D9F00068296FBC1000F4C3A9;
					};
					D9F00083296FBC1100F4C3A9 = {
						CreatedOnToolsVersion = 14.2;
						TestTargetID = D9F00068296FBC1000F4C3A9;
					};
				};
			};
			buildConfigurationList = D9F00064296FBC1000F4C3A9 /* Build configuration list for PBXProject "PolarisChecker" */;
			compatibilityVersion = "Xcode 14.0";
			developmentRegion = en;
			hasScannedForEncodings = 0;
			knownRegions = (
				en,
				Base,
			);
			mainGroup = D9F00060296FBC1000F4C3A9;
			productRefGroup = D9F0006A296FBC1000F4C3A9 /* Products */;
			projectDirPath = "";
			projectRoot = "";
			targets = (
				D9F00068296FBC1000F4C3A9 /* PolarisChecker */,
				D9F00079296FBC1100F4C3A9 /* PolarisCheckerTests */,
				D9F00083296FBC1100F4C3A9 /* PolarisCheckerUITests */,
			);
		};
/* End PBXProject section */

/* Begin PBXResourcesBuildPhase section */
		D9F00067296FBC1000F4C3A9 /* Resources */ = {
			isa = PBXResourcesBuildPhase;
			buildActionMask = 2147483647;
			files = (
				D9F00071296FBC1100F4C3A9 /* Assets.xcassets in Resources */,
				D9F00074296FBC1100F4C3A9 /* Main.storyboard in Resources */,
			);
			runOnlyForDeploymentPostprocessing = 0;
		};
		D9F00078296FBC1100F4C3A9 /* Resources */ = {
			isa = PBXResourcesBuildPhase;
			buildActionMask = 2147483647;
			files = (
			);
			runOnlyForDeploymentPostprocessing = 0;
		};
		D9F00082296FBC1100F4C3A9 /* Resources */ = {
			isa = PBXResourcesBuildPhase;
			buildActionMask = 2147483647;
			files = (
			);
			runOnlyForDeploymentPostprocessing = 0;
		};
/* End PBXResourcesBuildPhase section */

/* Begin PBXSourcesBuildPhase section */
		D9F00065296FBC1000F4C3A9 /* Sources */ = {
			isa = PBXSourcesBuildPhase;
			buildActionMask = 2147483647;
			files = (
				D9F0006F296FBC1000F4C3A9 /* ViewController.swift in Sources */,
				D9F0006D296FBC1000F4C3A9 /* AppDelegate.swift in Sources */,
			);
			runOnlyForDeploymentPostprocessing = 0;
		};
		D9F00076296FBC1100F4C3A9 /* Sources */ = {
			isa = PBXSourcesBuildPhase;
			buildActionMask = 2147483647;
			files = (
				D9F0007F296FBC1100F4C3A9 /* PolarisCheckerTests.swift in Sources */,
			);
			runOnlyForDeploymentPostprocessing = 0;
		};
		D9F00080296FBC1100F4C3A9 /* Sources */ = {
			isa = PBXSourcesBuildPhase;
			buildActionMask = 2147483647;
			files = (
				D9F00089296FBC1100F4C3A9 /* PolarisCheckerUITests.swift in Sources */,
				D9F0008B296FBC1100F4C3A9 /* PolarisCheckerUITestsLaunchTests.swift in Sources */,
			);
			runOnlyForDeploymentPostprocessing = 0;
		};
/* End PBXSourcesBuildPhase section */

/* Begin PBXTargetDependency section */
		D9F0007C296FBC1100F4C3A9 /* PBXTargetDependency */ = {
			isa = PBXTargetDependency;
			target = D9F00068296FBC1000F4C3A9 /* PolarisChecker */;
			targetProxy = D9F0007B296FBC1100F4C3A9 /* PBXContainerItemProxy */;
		};
		D9F00086296FBC1100F4C3A9 /* PBXTargetDependency */ = {
			isa = PBXTargetDependency;
			target = D9F00068296FBC1000F4C3A9 /* PolarisChecker */;
			targetProxy = D9F00085296FBC1100F4C3A9 /* PBXContainerItemProxy */;
		};
/* End PBXTargetDependency section */

/* Begin PBXVariantGroup section */
		D9F00072296FBC1100F4C3A9 /* Main.storyboard */ = {
			isa = PBXVariantGroup;
			children = (
				D9F00073296FBC1100F4C3A9 /* Base */,
			);
			name = Main.storyboard;
			sourceTree = "<group>";
		};
/* End PBXVariantGroup section */

/* Begin XCBuildConfiguration section */
		D9F0008C296FBC1100F4C3A9 /* Debug */ = {
			isa = XCBuildConfiguration;
			buildSettings = {
				ALWAYS_SEARCH_USER_PATHS = NO;
				CLANG_ANALYZER_NONNULL = YES;
				CLANG_ANALYZER_NUMBER_OBJECT_CONVERSION = YES_AGGRESSIVE;
				CLANG_CXX_LANGUAGE_STANDARD = "gnu++20";
				CLANG_ENABLE_MODULES = YES;
				CLANG_ENABLE_OBJC_ARC = YES;
				CLANG_ENABLE_OBJC_WEAK = YES;
				CLANG_WARN_BLOCK_CAPTURE_AUTORELEASING = YES;
				CLANG_WARN_BOOL_CONVERSION = YES;
				CLANG_WARN_COMMA = YES;
				CLANG_WARN_CONSTANT_CONVERSION = YES;
				CLANG_WARN_DEPRECATED_OBJC_IMPLEMENTATIONS = YES;
				CLANG_WARN_DIRECT_OBJC_ISA_USAGE = YES_ERROR;
				CLANG_WARN_DOCUMENTATION_COMMENTS = YES;
				CLANG_WARN_EMPTY_BODY = YES;
				CLANG_WARN_ENUM_CONVERSION = YES;
				CLANG_WARN_INFINITE_RECURSION = YES;
				CLANG_WARN_INT_CONVERSION = YES;
				CLANG_WARN_NON_LITERAL_NULL_CONVERSION = YES;
				CLANG_WARN_OBJC_IMPLICIT_RETAIN_SELF = YES;
				CLANG_WARN_OBJC_LITERAL_CONVERSION = YES;
				CLANG_WARN_OBJC_ROOT_CLASS = YES_ERROR;
				CLANG_WARN_QUOTED_INCLUDE_IN_FRAMEWORK_HEADER = YES;
				CLANG_WARN_RANGE_LOOP_ANALYSIS = YES;
				CLANG_WARN_STRICT_PROTOTYPES = YES;
				CLANG_WARN_SUSPICIOUS_MOVE = YES;
				CLANG_WARN_UNGUARDED_AVAILABILITY = YES_AGGRESSIVE;
				CLANG_WARN_UNREACHABLE_CODE = YES;
				CLANG_WARN__DUPLICATE_METHOD_MATCH = YES;
				COPY_PHASE_STRIP = NO;
				DEBUG_INFORMATION_FORMAT = dwarf;
				ENABLE_STRICT_OBJC_MSGSEND = YES;
				ENABLE_TESTABILITY = YES;
				GCC_C_LANGUAGE_STANDARD = gnu11;
				GCC_DYNAMIC_NO_PIC = NO;
				GCC_NO_COMMON_BLOCKS = YES;
				GCC_OPTIMIZATION_LEVEL = 0;
				GCC_PREPROCESSOR_DEFINITIONS = (
					"DEBUG=1",
					"$(inherited)",
				);
				GCC_WARN_64_TO_32_BIT_CONVERSION = YES;
				GCC_WARN_ABOUT_RETURN_TYPE = YES_ERROR;
				GCC_WARN_UNDECLARED_SELECTOR = YES;
				GCC_WARN_UNINITIALIZED_AUTOS = YES_AGGRESSIVE;
				GCC_WARN_UNUSED_FUNCTION = YES;
				GCC_WARN_UNUSED_VARIABLE = YES;
				MACOSX_DEPLOYMENT_TARGET = 13.1;
				MTL_ENABLE_DEBUG_INFO = INCLUDE_SOURCE;
				MTL_FAST_MATH = YES;
				ONLY_ACTIVE_ARCH = YES;
				SDKROOT = macosx;
				SWIFT_ACTIVE_COMPILATION_CONDITIONS = DEBUG;
				SWIFT_OPTIMIZATION_LEVEL = "-Onone";
			};
			name = Debug;
		};
		D9F0008D296FBC1100F4C3A9 /* Release */ = {
			isa = XCBuildConfiguration;
			buildSettings = {
				ALWAYS_SEARCH_USER_PATHS = NO;
				CLANG_ANALYZER_NONNULL = YES;
				CLANG_ANALYZER_NUMBER_OBJECT_CONVERSION = YES_AGGRESSIVE;
				CLANG_CXX_LANGUAGE_STANDARD = "gnu++20";
				CLANG_ENABLE_MODULES = YES;
				CLANG_ENABLE_OBJC_ARC = YES;
				CLANG_ENABLE_OBJC_WEAK = YES;
				CLANG_WARN_BLOCK_CAPTURE_AUTORELEASING = YES;
				CLANG_WARN_BOOL_CONVERSION = YES;
				CLANG_WARN_COMMA = YES;
				CLANG_WARN_CONSTANT_CONVERSION = YES;
				CLANG_WARN_DEPRECATED_OBJC_IMPLEMENTATIONS = YES;
				CLANG_WARN_DIRECT_OBJC_ISA_USAGE = YES_ERROR;
				CLANG_WARN_DOCUMENTATION_COMMENTS = YES;
				CLANG_WARN_EMPTY_BODY = YES;
				CLANG_WARN_ENUM_CONVERSION = YES;
				CLANG_WARN_INFINITE_RECURSION = YES;
				CLANG_WARN_INT_CONVERSION = YES;
				CLANG_WARN_NON_LITERAL_NULL_CONVERSION = YES;
				CLANG_WARN_OBJC_IMPLICIT_RETAIN_SELF = YES;
				CLANG_WARN_OBJC_LITERAL_CONVERSION = YES;
				CLANG_WARN_OBJC_ROOT_CLASS = YES_ERROR;
				CLANG_WARN_QUOTED_INCLUDE_IN_FRAMEWORK_HEADER = YES;
				CLANG_WARN_RANGE_LOOP_ANALYSIS = YES;
				CLANG_WARN_STRICT_PROTOTYPES = YES;
				CLANG_WARN_SUSPICIOUS_MOVE = YES;
				CLANG_WARN_UNGUARDED_AVAILABILITY = YES_AGGRESSIVE;
				CLANG_WARN_UNREACHABLE_CODE = YES;
				CLANG_WARN__DUPLICATE_METHOD_MATCH = YES;
				COPY_PHASE_STRIP = NO;
				DEBUG_INFORMATION_FORMAT = "dwarf-with-dsym";
				ENABLE_NS_ASSERTIONS = NO;
				ENABLE_STRICT_OBJC_MSGSEND = YES;
				GCC_C_LANGUAGE_STANDARD = gnu11;
				GCC_NO_COMMON_BLOCKS = YES;
				GCC_WARN_64_TO_32_BIT_CONVERSION = YES;
				GCC_WARN_ABOUT_RETURN_TYPE = YES_ERROR;
				GCC_WARN_UNDECLARED_SELECTOR = YES;
				GCC_WARN_UNINITIALIZED_AUTOS = YES_AGGRESSIVE;
				GCC_WARN_UNUSED_FUNCTION = YES;
				GCC_WARN_UNUSED_VARIABLE = YES;
				MACOSX_DEPLOYMENT_TARGET = 13.1;
				MTL_ENABLE_DEBUG_INFO = NO;
				MTL_FAST_MATH = YES;
				SDKROOT = macosx;
				SWIFT_COMPILATION_MODE = wholemodule;
				SWIFT_OPTIMIZATION_LEVEL = "-O";
			};
			name = Release;
		};
		D9F0008F296FBC1100F4C3A9 /* Debug */ = {
			isa = XCBuildConfiguration;
			buildSettings = {
				ASSETCATALOG_COMPILER_APPICON_NAME = AppIcon;
				ASSETCATALOG_COMPILER_GLOBAL_ACCENT_COLOR_NAME = AccentColor;
				CODE_SIGN_ENTITLEMENTS = PolarisChecker/PolarisChecker.entitlements;
				CODE_SIGN_STYLE = Automatic;
				COMBINE_HIDPI_IMAGES = YES;
				CURRENT_PROJECT_VERSION = 1;
				DEVELOPMENT_TEAM = 6DJYW749D6;
				ENABLE_HARDENED_RUNTIME = YES;
				GENERATE_INFOPLIST_FILE = YES;
				INFOPLIST_KEY_NSHumanReadableCopyright = "";
				INFOPLIST_KEY_NSMainStoryboardFile = Main;
				INFOPLIST_KEY_NSPrincipalClass = NSApplication;
				LD_RUNPATH_SEARCH_PATHS = (
					"$(inherited)",
					"@executable_path/../Frameworks",
				);
				MARKETING_VERSION = 1.0;
				PRODUCT_BUNDLE_IDENTIFIER = com.dyljqq.landmarks.PolarisChecker;
				PRODUCT_NAME = "$(TARGET_NAME)";
				SWIFT_EMIT_LOC_STRINGS = YES;
				SWIFT_VERSION = 5.0;
			};
			name = Debug;
		};
		D9F00090296FBC1100F4C3A9 /* Release */ = {
			isa = XCBuildConfiguration;
			buildSettings = {
				ASSETCATALOG_COMPILER_APPICON_NAME = AppIcon;
				ASSETCATALOG_COMPILER_GLOBAL_ACCENT_COLOR_NAME = AccentColor;
				CODE_SIGN_ENTITLEMENTS = PolarisChecker/PolarisChecker.entitlements;
				CODE_SIGN_STYLE = Automatic;
				COMBINE_HIDPI_IMAGES = YES;
				CURRENT_PROJECT_VERSION = 1;
				DEVELOPMENT_TEAM = 6DJYW749D6;
				ENABLE_HARDENED_RUNTIME = YES;
				GENERATE_INFOPLIST_FILE = YES;
				INFOPLIST_KEY_NSHumanReadableCopyright = "";
				INFOPLIST_KEY_NSMainStoryboardFile = Main;
				INFOPLIST_KEY_NSPrincipalClass = NSApplication;
				LD_RUNPATH_SEARCH_PATHS = (
					"$(inherited)",
					"@executable_path/../Frameworks",
				);
				MARKETING_VERSION = 1.0;
				PRODUCT_BUNDLE_IDENTIFIER = com.dyljqq.landmarks.PolarisChecker;
				PRODUCT_NAME = "$(TARGET_NAME)";
				SWIFT_EMIT_LOC_STRINGS = YES;
				SWIFT_VERSION = 5.0;
			};
			name = Release;
		};
		D9F00092296FBC1100F4C3A9 /* Debug */ = {
			isa = XCBuildConfiguration;
			buildSettings = {
				ALWAYS_EMBED_SWIFT_STANDARD_LIBRARIES = YES;
				BUNDLE_LOADER = "$(TEST_HOST)";
				CODE_SIGN_STYLE = Automatic;
				CURRENT_PROJECT_VERSION = 1;
				DEVELOPMENT_TEAM = 6DJYW749D6;
				GENERATE_INFOPLIST_FILE = YES;
				MACOSX_DEPLOYMENT_TARGET = 13.1;
				MARKETING_VERSION = 1.0;
				PRODUCT_BUNDLE_IDENTIFIER = com.dyljqq.landmarks.PolarisCheckerTests;
				PRODUCT_NAME = "$(TARGET_NAME)";
				SWIFT_EMIT_LOC_STRINGS = NO;
				SWIFT_VERSION = 5.0;
				TEST_HOST = "$(BUILT_PRODUCTS_DIR)/PolarisChecker.app/$(BUNDLE_EXECUTABLE_FOLDER_PATH)/PolarisChecker";
			};
			name = Debug;
		};
		D9F00093296FBC1100F4C3A9 /* Release */ = {
			isa = XCBuildConfiguration;
			buildSettings = {
				ALWAYS_EMBED_SWIFT_STANDARD_LIBRARIES = YES;
				BUNDLE_LOADER = "$(TEST_HOST)";
				CODE_SIGN_STYLE = Automatic;
				CURRENT_PROJECT_VERSION = 1;
				DEVELOPMENT_TEAM = 6DJYW749D6;
				GENERATE_INFOPLIST_FILE = YES;
				MACOSX_DEPLOYMENT_TARGET = 13.1;
				MARKETING_VERSION = 1.0;
				PRODUCT_BUNDLE_IDENTIFIER = com.dyljqq.landmarks.PolarisCheckerTests;
				PRODUCT_NAME = "$(TARGET_NAME)";
				SWIFT_EMIT_LOC_STRINGS = NO;
				SWIFT_VERSION = 5.0;
				TEST_HOST = "$(BUILT_PRODUCTS_DIR)/PolarisChecker.app/$(BUNDLE_EXECUTABLE_FOLDER_PATH)/PolarisChecker";
			};
			name = Release;
		};
		D9F00095296FBC1100F4C3A9 /* Debug */ = {
			isa = XCBuildConfiguration;
			buildSettings = {
				ALWAYS_EMBED_SWIFT_STANDARD_LIBRARIES = YES;
				CODE_SIGN_STYLE = Automatic;
				CURRENT_PROJECT_VERSION = 1;
				DEVELOPMENT_TEAM = 6DJYW749D6;
				GENERATE_INFOPLIST_FILE = YES;
				MARKETING_VERSION = 1.0;
				PRODUCT_BUNDLE_IDENTIFIER = com.dyljqq.landmarks.PolarisCheckerUITests;
				PRODUCT_NAME = "$(TARGET_NAME)";
				SWIFT_EMIT_LOC_STRINGS = NO;
				SWIFT_VERSION = 5.0;
				TEST_TARGET_NAME = PolarisChecker;
			};
			name = Debug;
		};
		D9F00096296FBC1100F4C3A9 /* Release */ = {
			isa = XCBuildConfiguration;
			buildSettings = {
				ALWAYS_EMBED_SWIFT_STANDARD_LIBRARIES = YES;
				CODE_SIGN_STYLE = Automatic;
				CURRENT_PROJECT_VERSION = 1;
				DEVELOPMENT_TEAM = 6DJYW749D6;
				GENERATE_INFOPLIST_FILE = YES;
				MARKETING_VERSION = 1.0;
				PRODUCT_BUNDLE_IDENTIFIER = com.dyljqq.landmarks.PolarisCheckerUITests;
				PRODUCT_NAME = "$(TARGET_NAME)";
				SWIFT_EMIT_LOC_STRINGS = NO;
				SWIFT_VERSION = 5.0;
				TEST_TARGET_NAME = PolarisChecker;
			};
			name = Release;
		};
/* End XCBuildConfiguration section */

/* Begin XCConfigurationList section */
		D9F00064296FBC1000F4C3A9 /* Build configuration list for PBXProject "PolarisChecker" */ = {
			isa = XCConfigurationList;
			buildConfigurations = (
				D9F0008C296FBC1100F4C3A9 /* Debug */,
				D9F0008D296FBC1100F4C3A9 /* Release */,
			);
			defaultConfigurationIsVisible = 0;
			defaultConfigurationName = Release;
		};
		D9F0008E296FBC1100F4C3A9 /* Build configuration list for PBXNativeTarget "PolarisChecker" */ = {
			isa = XCConfigurationList;
			buildConfigurations = (
				D9F0008F296FBC1100F4C3A9 /* Debug */,
				D9F00090296FBC1100F4C3A9 /* Release */,
			);
			defaultConfigurationIsVisible = 0;
			defaultConfigurationName = Release;
		};
		D9F00091296FBC1100F4C3A9 /* Build configuration list for PBXNativeTarget "PolarisCheckerTests" */ = {
			isa = XCConfigurationList;
			buildConfigurations = (
				D9F00092296FBC1100F4C3A9 /* Debug */,
				D9F00093296FBC1100F4C3A9 /* Release */,
			);
			defaultConfigurationIsVisible = 0;
			defaultConfigurationName = Release;
		};
		D9F00094296FBC1100F4C3A9 /* Build configuration list for PBXNativeTarget "PolarisCheckerUITests" */ = {
			isa = XCConfigurationList;
			buildConfigurations = (
				D9F00095296FBC1100F4C3A9 /* Debug */,
				D9F00096296FBC1100F4C3A9 /* Release */,
			);
			defaultConfigurationIsVisible = 0;
			defaultConfigurationName = Release;
		};
/* End XCConfigurationList section */
	};
	rootObject = D9F00061296FBC1000F4C3A9 /* Project object */;
}
